Microsoft Visual Studio Solution File, Format Version 12.00
# Visual Studio Version 17
VisualStudioVersion = 17.5.2.0
MinimumVisualStudioVersion = 10.0.40219.1
Project("{2150E333-8FDC-42A3-9474-1A3956D46DE8}") = "src", "src", "{827E0CD3-B72D-47B6-A68D-7590B98EB39B}"
EndProject
Project("{2150E333-8FDC-42A3-9474-1A3956D46DE8}") = "cli", "cli", "{778427DF-EB2C-5228-964E-6D535DE253CA}"
EndProject
Project("{FAE04EC0-301F-11D3-BF4B-00C04F79EFBC}") = "Example", "src\cli\Example\Example.csproj", "{89426F60-2FF3-85BC-BAE3-B8F943DFC06D}"
EndProject
Global
	GlobalSection(SolutionConfigurationPlatforms) = preSolution
		Debug|Any CPU = Debug|Any CPU
		Release|Any CPU = Release|Any CPU
	EndGlobalSection
	GlobalSection(ProjectConfigurationPlatforms) = postSolution
		{89426F60-2FF3-85BC-BAE3-B8F943DFC06D}.Debug|Any CPU.ActiveCfg = Debug|Any CPU
		{89426F60-2FF3-85BC-BAE3-B8F943DFC06D}.Debug|Any CPU.Build.0 = Debug|Any CPU
		{89426F60-2FF3-85BC-BAE3-B8F943DFC06D}.Release|Any CPU.ActiveCfg = Release|Any CPU
		{89426F60-2FF3-85BC-BAE3-B8F943DFC06D}.Release|Any CPU.Build.0 = Release|Any CPU
	EndGlobalSection
	GlobalSection(SolutionProperties) = preSolution
		HideSolutionNode = FALSE
	EndGlobalSection
	GlobalSection(NestedProjects) = preSolution
		{778427DF-EB2C-5228-964E-6D535DE253CA} = {827E0CD3-B72D-47B6-A68D-7590B98EB39B}
		{89426F60-2FF3-85BC-BAE3-B8F943DFC06D} = {778427DF-EB2C-5228-964E-6D535DE253CA}
	EndGlobalSection
	GlobalSection(ExtensibilityGlobals) = postSolution
		SolutionGuid = {BC1B071E-320C-4F99-B010-DEDE7040931C}
	EndGlobalSection
EndGlobal
